
Microsoft Visual Studio Solution File, Format Version 12.00
# Visual Studio Version 16
VisualStudioVersion = 16.0.31229.75
MinimumVisualStudioVersion = 10.0.40219.1
Project("{FAE04EC0-301F-11D3-BF4B-00C04F79EFBC}") = "tictactoe", "tictactoe\tictactoe.csproj", "{90AF3C19-77BA-462C-ACE0-BF60B55F27EF}"
EndProject
Global
	GlobalSection(SolutionConfigurationPlatforms) = preSolution
		Debug|Any CPU = Debug|Any CPU
		Release|Any CPU = Release|Any CPU
	EndGlobalSection
	GlobalSection(ProjectConfigurationPlatforms) = postSolution
		{90AF3C19-77BA-462C-ACE0-BF60B55F27EF}.Debug|Any CPU.ActiveCfg = Debug|Any CPU
		{90AF3C19-77BA-462C-ACE0-BF60B55F27EF}.Debug|Any CPU.Build.0 = Debug|Any CPU
		{90AF3C19-77BA-462C-ACE0-BF60B55F27EF}.Release|Any CPU.ActiveCfg = Release|Any CPU
		{90AF3C19-77BA-462C-ACE0-BF60B55F27EF}.Release|Any CPU.Build.0 = Release|Any CPU
	EndGlobalSection
	GlobalSection(SolutionProperties) = preSolution
		HideSolutionNode = FALSE
	EndGlobalSection
	GlobalSection(ExtensibilityGlobals) = postSolution
		SolutionGuid = {F040F7E6-75F6-4379-B379-0C964394A99C}
	EndGlobalSection
EndGlobal
